// !$*UTF8*$!
{
	archiveVersion = 1;
	classes = {
	};
	objectVersion = 55;
	objects = {

/* Begin PBXBuildFile section */
		09CEFAA9273C5A21005B5AD5 /* AppDelegate.swift in Sources */ = {isa = PBXBuildFile; fileRef = 09CEFAA8273C5A21005B5AD5 /* AppDelegate.swift */; };
		09CEFAAB273C5A21005B5AD5 /* SceneDelegate.swift in Sources */ = {isa = PBXBuildFile; fileRef = 09CEFAAA273C5A21005B5AD5 /* SceneDelegate.swift */; };
		09CEFAAD273C5A21005B5AD5 /* ArticleViewController.swift in Sources */ = {isa = PBXBuildFile; fileRef = 09CEFAAC273C5A21005B5AD5 /* ArticleViewController.swift */; };
		09CEFAB2273C5A22005B5AD5 /* Assets.xcassets in Resources */ = {isa = PBXBuildFile; fileRef = 09CEFAB1273C5A22005B5AD5 /* Assets.xcassets */; };
		09CEFAB5273C5A22005B5AD5 /* LaunchScreen.storyboard in Resources */ = {isa = PBXBuildFile; fileRef = 09CEFAB3273C5A22005B5AD5 /* LaunchScreen.storyboard */; };
		09CEFAC3273C7476005B5AD5 /* ArticleModel.swift in Sources */ = {isa = PBXBuildFile; fileRef = 09CEFAC2273C7476005B5AD5 /* ArticleModel.swift */; };
		09CEFAC8273C85C3005B5AD5 /* ArticlePage.swift in Sources */ = {isa = PBXBuildFile; fileRef = 09CEFAC7273C85C3005B5AD5 /* ArticlePage.swift */; };
		09CEFACA273C88C3005B5AD5 /* ArticleManager.swift in Sources */ = {isa = PBXBuildFile; fileRef = 09CEFAC9273C88C3005B5AD5 /* ArticleManager.swift */; };
		09CEFACC273C9030005B5AD5 /* ArticleCell.swift in Sources */ = {isa = PBXBuildFile; fileRef = 09CEFACB273C9030005B5AD5 /* ArticleCell.swift */; };
		09CEFAD6273DC52F005B5AD5 /* UIView_Pin.swift in Sources */ = {isa = PBXBuildFile; fileRef = 09CEFAD5273DC52F005B5AD5 /* UIView_Pin.swift */; };
		09CEFAD8273DC54F005B5AD5 /* WebViewController.swift in Sources */ = {isa = PBXBuildFile; fileRef = 09CEFAD7273DC54F005B5AD5 /* WebViewController.swift */; };
		09CEFADC273DCAF1005B5AD5 /* UpdateDelegate.swift in Sources */ = {isa = PBXBuildFile; fileRef = 09CEFADB273DCAF1005B5AD5 /* UpdateDelegate.swift */; };
/* End PBXBuildFile section */

/* Begin PBXFileReference section */
		09CEFAA5273C5A21005B5AD5 /* nabelova_1PW5.app */ = {isa = PBXFileReference; explicitFileType = wrapper.application; includeInIndex = 0; path = nabelova_1PW5.app; sourceTree = BUILT_PRODUCTS_DIR; };
		09CEFAA8273C5A21005B5AD5 /* AppDelegate.swift */ = {isa = PBXFileReference; lastKnownFileType = sourcecode.swift; path = AppDelegate.swift; sourceTree = "<group>"; };
		09CEFAAA273C5A21005B5AD5 /* SceneDelegate.swift */ = {isa = PBXFileReference; lastKnownFileType = sourcecode.swift; path = SceneDelegate.swift; sourceTree = "<group>"; };
		09CEFAAC273C5A21005B5AD5 /* ArticleViewController.swift */ = {isa = PBXFileReference; lastKnownFileType = sourcecode.swift; path = ArticleViewController.swift; sourceTree = "<group>"; };
		09CEFAB1273C5A22005B5AD5 /* Assets.xcassets */ = {isa = PBXFileReference; lastKnownFileType = folder.assetcatalog; path = Assets.xcassets; sourceTree = "<group>"; };
		09CEFAB4273C5A22005B5AD5 /* Base */ = {isa = PBXFileReference; lastKnownFileType = file.storyboard; name = Base; path = Base.lproj/LaunchScreen.storyboard; sourceTree = "<group>"; };
		09CEFAB6273C5A22005B5AD5 /* Info.plist */ = {isa = PBXFileReference; lastKnownFileType = text.plist.xml; path = Info.plist; sourceTree = "<group>"; };
		09CEFAC2273C7476005B5AD5 /* ArticleModel.swift */ = {isa = PBXFileReference; lastKnownFileType = sourcecode.swift; path = ArticleModel.swift; sourceTree = "<group>"; };
		09CEFAC7273C85C3005B5AD5 /* ArticlePage.swift */ = {isa = PBXFileReference; lastKnownFileType = sourcecode.swift; path = ArticlePage.swift; sourceTree = "<group>"; };
		09CEFAC9273C88C3005B5AD5 /* ArticleManager.swift */ = {isa = PBXFileReference; lastKnownFileType = sourcecode.swift; path = ArticleManager.swift; sourceTree = "<group>"; };
		09CEFACB273C9030005B5AD5 /* ArticleCell.swift */ = {isa = PBXFileReference; lastKnownFileType = sourcecode.swift; path = ArticleCell.swift; sourceTree = "<group>"; };
		09CEFAD5273DC52F005B5AD5 /* UIView_Pin.swift */ = {isa = PBXFileReference; lastKnownFileType = sourcecode.swift; path = UIView_Pin.swift; sourceTree = "<group>"; };
		09CEFAD7273DC54F005B5AD5 /* WebViewController.swift */ = {isa = PBXFileReference; lastKnownFileType = sourcecode.swift; path = WebViewController.swift; sourceTree = "<group>"; };
		09CEFADB273DCAF1005B5AD5 /* UpdateDelegate.swift */ = {isa = PBXFileReference; lastKnownFileType = sourcecode.swift; path = UpdateDelegate.swift; sourceTree = "<group>"; };
/* End PBXFileReference section */

/* Begin PBXFrameworksBuildPhase section */
		09CEFAA2273C5A21005B5AD5 /* Frameworks */ = {
			isa = PBXFrameworksBuildPhase;
			buildActionMask = 2147483647;
			files = (
			);
			runOnlyForDeploymentPostprocessing = 0;
		};
/* End PBXFrameworksBuildPhase section */

/* Begin PBXGroup section */
		09CEFA9C273C5A21005B5AD5 = {
			isa = PBXGroup;
			children = (
				09CEFAA7273C5A21005B5AD5 /* nabelova_1PW5 */,
				09CEFAA6273C5A21005B5AD5 /* Products */,
			);
			sourceTree = "<group>";
		};
		09CEFAA6273C5A21005B5AD5 /* Products */ = {
			isa = PBXGroup;
			children = (
				09CEFAA5273C5A21005B5AD5 /* nabelova_1PW5.app */,
			);
			name = Products;
			sourceTree = "<group>";
		};
		09CEFAA7273C5A21005B5AD5 /* nabelova_1PW5 */ = {
			isa = PBXGroup;
			children = (
				09CEFAC6273C85B3005B5AD5 /* Views */,
				09CEFAC1273C73CF005B5AD5 /*  Models */,
				09CEFABD273C5A6C005B5AD5 /* Controllers */,
				09CEFABC273C5A2D005B5AD5 /* Delegates */,
				09CEFAB1273C5A22005B5AD5 /* Assets.xcassets */,
				09CEFAB3273C5A22005B5AD5 /* LaunchScreen.storyboard */,
				09CEFAB6273C5A22005B5AD5 /* Info.plist */,
				09CEFAC9273C88C3005B5AD5 /* ArticleManager.swift */,
				09CEFACB273C9030005B5AD5 /* ArticleCell.swift */,
				09CEFAD5273DC52F005B5AD5 /* UIView_Pin.swift */,
			);
			path = nabelova_1PW5;
			sourceTree = "<group>";
		};
		09CEFABC273C5A2D005B5AD5 /* Delegates */ = {
			isa = PBXGroup;
			children = (
				09CEFADB273DCAF1005B5AD5 /* UpdateDelegate.swift */,
				09CEFAAA273C5A21005B5AD5 /* SceneDelegate.swift */,
				09CEFAA8273C5A21005B5AD5 /* AppDelegate.swift */,
			);
			path = Delegates;
			sourceTree = "<group>";
		};
		09CEFABD273C5A6C005B5AD5 /* Controllers */ = {
			isa = PBXGroup;
			children = (
				09CEFAAC273C5A21005B5AD5 /* ArticleViewController.swift */,
				09CEFAD7273DC54F005B5AD5 /* WebViewController.swift */,
			);
			path = Controllers;
			sourceTree = "<group>";
		};
		09CEFAC1273C73CF005B5AD5 /*  Models */ = {
			isa = PBXGroup;
			children = (
				09CEFAC2273C7476005B5AD5 /* ArticleModel.swift */,
			);
			path = " Models";
			sourceTree = "<group>";
		};
		09CEFAC6273C85B3005B5AD5 /* Views */ = {
			isa = PBXGroup;
			children = (
				09CEFAC7273C85C3005B5AD5 /* ArticlePage.swift */,
			);
			path = Views;
			sourceTree = "<group>";
		};
/* End PBXGroup section */

/* Begin PBXNativeTarget section */
		09CEFAA4273C5A21005B5AD5 /* nabelova_1PW5 */ = {
			isa = PBXNativeTarget;
			buildConfigurationList = 09CEFAB9273C5A22005B5AD5 /* Build configuration list for PBXNativeTarget "nabelova_1PW5" */;
			buildPhases = (
				09CEFAA1273C5A21005B5AD5 /* Sources */,
				09CEFAA2273C5A21005B5AD5 /* Frameworks */,
				09CEFAA3273C5A21005B5AD5 /* Resources */,
			);
			buildRules = (
			);
			dependencies = (
			);
			name = nabelova_1PW5;
			productName = nabelova_1PW5;
			productReference = 09CEFAA5273C5A21005B5AD5 /* nabelova_1PW5.app */;
			productType = "com.apple.product-type.application";
		};
/* End PBXNativeTarget section */

/* Begin PBXProject section */
		09CEFA9D273C5A21005B5AD5 /* Project object */ = {
			isa = PBXProject;
			attributes = {
				BuildIndependentTargetsInParallel = 1;
				LastSwiftUpdateCheck = 1310;
				LastUpgradeCheck = 1310;
				TargetAttributes = {
					09CEFAA4273C5A21005B5AD5 = {
						CreatedOnToolsVersion = 13.1;
					};
				};
			};
			buildConfigurationList = 09CEFAA0273C5A21005B5AD5 /* Build configuration list for PBXProject "nabelova_1PW5" */;
			compatibilityVersion = "Xcode 13.0";
			developmentRegion = en;
			hasScannedForEncodings = 0;
			knownRegions = (
				en,
				Base,
			);
			mainGroup = 09CEFA9C273C5A21005B5AD5;
			productRefGroup = 09CEFAA6273C5A21005B5AD5 /* Products */;
			projectDirPath = "";
			projectRoot = "";
			targets = (
				09CEFAA4273C5A21005B5AD5 /* nabelova_1PW5 */,
			);
		};
/* End PBXProject section */

/* Begin PBXResourcesBuildPhase section */
		09CEFAA3273C5A21005B5AD5 /* Resources */ = {
			isa = PBXResourcesBuildPhase;
			buildActionMask = 2147483647;
			files = (
				09CEFAB5273C5A22005B5AD5 /* LaunchScreen.storyboard in Resources */,
				09CEFAB2273C5A22005B5AD5 /* Assets.xcassets in Resources */,
			);
			runOnlyForDeploymentPostprocessing = 0;
		};
/* End PBXResourcesBuildPhase section */

/* Begin PBXSourcesBuildPhase section */
		09CEFAA1273C5A21005B5AD5 /* Sources */ = {
			isa = PBXSourcesBuildPhase;
			buildActionMask = 2147483647;
			files = (
				09CEFAAD273C5A21005B5AD5 /* ArticleViewController.swift in Sources */,
				09CEFADC273DCAF1005B5AD5 /* UpdateDelegate.swift in Sources */,
				09CEFAD8273DC54F005B5AD5 /* WebViewController.swift in Sources */,
				09CEFAC8273C85C3005B5AD5 /* ArticlePage.swift in Sources */,
				09CEFAD6273DC52F005B5AD5 /* UIView_Pin.swift in Sources */,
				09CEFAC3273C7476005B5AD5 /* ArticleModel.swift in Sources */,
				09CEFAA9273C5A21005B5AD5 /* AppDelegate.swift in Sources */,
				09CEFACC273C9030005B5AD5 /* ArticleCell.swift in Sources */,
				09CEFACA273C88C3005B5AD5 /* ArticleManager.swift in Sources */,
				09CEFAAB273C5A21005B5AD5 /* SceneDelegate.swift in Sources */,
			);
			runOnlyForDeploymentPostprocessing = 0;
		};
/* End PBXSourcesBuildPhase section */

/* Begin PBXVariantGroup section */
		09CEFAB3273C5A22005B5AD5 /* LaunchScreen.storyboard */ = {
			isa = PBXVariantGroup;
			children = (
				09CEFAB4273C5A22005B5AD5 /* Base */,
			);
			name = LaunchScreen.storyboard;
			sourceTree = "<group>";
		};
/* End PBXVariantGroup section */

/* Begin XCBuildConfiguration section */
		09CEFAB7273C5A22005B5AD5 /* Debug */ = {
			isa = XCBuildConfiguration;
			buildSettings = {
				ALWAYS_SEARCH_USER_PATHS = NO;
				CLANG_ANALYZER_NONNULL = YES;
				CLANG_ANALYZER_NUMBER_OBJECT_CONVERSION = YES_AGGRESSIVE;
				CLANG_CXX_LANGUAGE_STANDARD = "gnu++17";
				CLANG_CXX_LIBRARY = "libc++";
				CLANG_ENABLE_MODULES = YES;
				CLANG_ENABLE_OBJC_ARC = YES;
				CLANG_ENABLE_OBJC_WEAK = YES;
				CLANG_WARN_BLOCK_CAPTURE_AUTORELEASING = YES;
				CLANG_WARN_BOOL_CONVERSION = YES;
				CLANG_WARN_COMMA = YES;
				CLANG_WARN_CONSTANT_CONVERSION = YES;
				CLANG_WARN_DEPRECATED_OBJC_IMPLEMENTATIONS = YES;
				CLANG_WARN_DIRECT_OBJC_ISA_USAGE = YES_ERROR;
				CLANG_WARN_DOCUMENTATION_COMMENTS = YES;
				CLANG_WARN_EMPTY_BODY = YES;
				CLANG_WARN_ENUM_CONVERSION = YES;
				CLANG_WARN_INFINITE_RECURSION = YES;
				CLANG_WARN_INT_CONVERSION = YES;
				CLANG_WARN_NON_LITERAL_NULL_CONVERSION = YES;
				CLANG_WARN_OBJC_IMPLICIT_RETAIN_SELF = YES;
				CLANG_WARN_OBJC_LITERAL_CONVERSION = YES;
				CLANG_WARN_OBJC_ROOT_CLASS = YES_ERROR;
				CLANG_WARN_QUOTED_INCLUDE_IN_FRAMEWORK_HEADER = YES;
				CLANG_WARN_RANGE_LOOP_ANALYSIS = YES;
				CLANG_WARN_STRICT_PROTOTYPES = YES;
				CLANG_WARN_SUSPICIOUS_MOVE = YES;
				CLANG_WARN_UNGUARDED_AVAILABILITY = YES_AGGRESSIVE;
				CLANG_WARN_UNREACHABLE_CODE = YES;
				CLANG_WARN__DUPLICATE_METHOD_MATCH = YES;
				COPY_PHASE_STRIP = NO;
				DEBUG_INFORMATION_FORMAT = dwarf;
				ENABLE_STRICT_OBJC_MSGSEND = YES;
				ENABLE_TESTABILITY = YES;
				GCC_C_LANGUAGE_STANDARD = gnu11;
				GCC_DYNAMIC_NO_PIC = NO;
				GCC_NO_COMMON_BLOCKS = YES;
				GCC_OPTIMIZATION_LEVEL = 0;
				GCC_PREPROCESSOR_DEFINITIONS = (
					"DEBUG=1",
					"$(inherited)",
				);
				GCC_WARN_64_TO_32_BIT_CONVERSION = YES;
				GCC_WARN_ABOUT_RETURN_TYPE = YES_ERROR;
				GCC_WARN_UNDECLARED_SELECTOR = YES;
				GCC_WARN_UNINITIALIZED_AUTOS = YES_AGGRESSIVE;
				GCC_WARN_UNUSED_FUNCTION = YES;
				GCC_WARN_UNUSED_VARIABLE = YES;
				IPHONEOS_DEPLOYMENT_TARGET = 15.0;
				MTL_ENABLE_DEBUG_INFO = INCLUDE_SOURCE;
				MTL_FAST_MATH = YES;
				ONLY_ACTIVE_ARCH = YES;
				SDKROOT = iphoneos;
				SWIFT_ACTIVE_COMPILATION_CONDITIONS = DEBUG;
				SWIFT_OPTIMIZATION_LEVEL = "-Onone";
			};
			name = Debug;
		};
		09CEFAB8273C5A22005B5AD5 /* Release */ = {
			isa = XCBuildConfiguration;
			buildSettings = {
				ALWAYS_SEARCH_USER_PATHS = NO;
				CLANG_ANALYZER_NONNULL = YES;
				CLANG_ANALYZER_NUMBER_OBJECT_CONVERSION = YES_AGGRESSIVE;
				CLANG_CXX_LANGUAGE_STANDARD = "gnu++17";
				CLANG_CXX_LIBRARY = "libc++";
				CLANG_ENABLE_MODULES = YES;
				CLANG_ENABLE_OBJC_ARC = YES;
				CLANG_ENABLE_OBJC_WEAK = YES;
				CLANG_WARN_BLOCK_CAPTURE_AUTORELEASING = YES;
				CLANG_WARN_BOOL_CONVERSION = YES;
				CLANG_WARN_COMMA = YES;
				CLANG_WARN_CONSTANT_CONVERSION = YES;
				CLANG_WARN_DEPRECATED_OBJC_IMPLEMENTATIONS = YES;
				CLANG_WARN_DIRECT_OBJC_ISA_USAGE = YES_ERROR;
				CLANG_WARN_DOCUMENTATION_COMMENTS = YES;
				CLANG_WARN_EMPTY_BODY = YES;
				CLANG_WARN_ENUM_CONVERSION = YES;
				CLANG_WARN_INFINITE_RECURSION = YES;
				CLANG_WARN_INT_CONVERSION = YES;
				CLANG_WARN_NON_LITERAL_NULL_CONVERSION = YES;
				CLANG_WARN_OBJC_IMPLICIT_RETAIN_SELF = YES;
				CLANG_WARN_OBJC_LITERAL_CONVERSION = YES;
				CLANG_WARN_OBJC_ROOT_CLASS = YES_ERROR;
				CLANG_WARN_QUOTED_INCLUDE_IN_FRAMEWORK_HEADER = YES;
				CLANG_WARN_RANGE_LOOP_ANALYSIS = YES;
				CLANG_WARN_STRICT_PROTOTYPES = YES;
				CLANG_WARN_SUSPICIOUS_MOVE = YES;
				CLANG_WARN_UNGUARDED_AVAILABILITY = YES_AGGRESSIVE;
				CLANG_WARN_UNREACHABLE_CODE = YES;
				CLANG_WARN__DUPLICATE_METHOD_MATCH = YES;
				COPY_PHASE_STRIP = NO;
				DEBUG_INFORMATION_FORMAT = "dwarf-with-dsym";
				ENABLE_NS_ASSERTIONS = NO;
				ENABLE_STRICT_OBJC_MSGSEND = YES;
				GCC_C_LANGUAGE_STANDARD = gnu11;
				GCC_NO_COMMON_BLOCKS = YES;
				GCC_WARN_64_TO_32_BIT_CONVERSION = YES;
				GCC_WARN_ABOUT_RETURN_TYPE = YES_ERROR;
				GCC_WARN_UNDECLARED_SELECTOR = YES;
				GCC_WARN_UNINITIALIZED_AUTOS = YES_AGGRESSIVE;
				GCC_WARN_UNUSED_FUNCTION = YES;
				GCC_WARN_UNUSED_VARIABLE = YES;
				IPHONEOS_DEPLOYMENT_TARGET = 15.0;
				MTL_ENABLE_DEBUG_INFO = NO;
				MTL_FAST_MATH = YES;
				SDKROOT = iphoneos;
				SWIFT_COMPILATION_MODE = wholemodule;
				SWIFT_OPTIMIZATION_LEVEL = "-O";
				VALIDATE_PRODUCT = YES;
			};
			name = Release;
		};
		09CEFABA273C5A22005B5AD5 /* Debug */ = {
			isa = XCBuildConfiguration;
			buildSettings = {
				ASSETCATALOG_COMPILER_APPICON_NAME = AppIcon;
				ASSETCATALOG_COMPILER_GLOBAL_ACCENT_COLOR_NAME = AccentColor;
				CODE_SIGN_STYLE = Automatic;
				CURRENT_PROJECT_VERSION = 1;
				GENERATE_INFOPLIST_FILE = YES;
				INFOPLIST_FILE = nabelova_1PW5/Info.plist;
				INFOPLIST_KEY_UIApplicationSupportsIndirectInputEvents = YES;
				INFOPLIST_KEY_UILaunchStoryboardName = LaunchScreen;
				INFOPLIST_KEY_UISupportedInterfaceOrientations_iPad = "UIInterfaceOrientationPortrait UIInterfaceOrientationPortraitUpsideDown UIInterfaceOrientationLandscapeLeft UIInterfaceOrientationLandscapeRight";
				INFOPLIST_KEY_UISupportedInterfaceOrientations_iPhone = "UIInterfaceOrientationPortrait UIInterfaceOrientationLandscapeLeft UIInterfaceOrientationLandscapeRight";
				LD_RUNPATH_SEARCH_PATHS = (
					"$(inherited)",
					"@executable_path/Frameworks",
				);
				MARKETING_VERSION = 1.0;
				PRODUCT_BUNDLE_IDENTIFIER = "hse.nabelova-1PW5";
				PRODUCT_NAME = "$(TARGET_NAME)";
				SWIFT_EMIT_LOC_STRINGS = YES;
				SWIFT_VERSION = 5.0;
				TARGETED_DEVICE_FAMILY = "1,2";
			};
			name = Debug;
		};
		09CEFABB273C5A22005B5AD5 /* Release */ = {
			isa = XCBuildConfiguration;
			buildSettings = {
				ASSETCATALOG_COMPILER_APPICON_NAME = AppIcon;
				ASSETCATALOG_COMPILER_GLOBAL_ACCENT_COLOR_NAME = AccentColor;
				CODE_SIGN_STYLE = Automatic;
				CURRENT_PROJECT_VERSION = 1;
				GENERATE_INFOPLIST_FILE = YES;
				INFOPLIST_FILE = nabelova_1PW5/Info.plist;
				INFOPLIST_KEY_UIApplicationSupportsIndirectInputEvents = YES;
				INFOPLIST_KEY_UILaunchStoryboardName = LaunchScreen;
				INFOPLIST_KEY_UISupportedInterfaceOrientations_iPad = "UIInterfaceOrientationPortrait UIInterfaceOrientationPortraitUpsideDown UIInterfaceOrientationLandscapeLeft UIInterfaceOrientationLandscapeRight";
				INFOPLIST_KEY_UISupportedInterfaceOrientations_iPhone = "UIInterfaceOrientationPortrait UIInterfaceOrientationLandscapeLeft UIInterfaceOrientationLandscapeRight";
				LD_RUNPATH_SEARCH_PATHS = (
					"$(inherited)",
					"@executable_path/Frameworks",
				);
				MARKETING_VERSION = 1.0;
				PRODUCT_BUNDLE_IDENTIFIER = "hse.nabelova-1PW5";
				PRODUCT_NAME = "$(TARGET_NAME)";
				SWIFT_EMIT_LOC_STRINGS = YES;
				SWIFT_VERSION = 5.0;
				TARGETED_DEVICE_FAMILY = "1,2";
			};
			name = Release;
		};
/* End XCBuildConfiguration section */

/* Begin XCConfigurationList section */
		09CEFAA0273C5A21005B5AD5 /* Build configuration list for PBXProject "nabelova_1PW5" */ = {
			isa = XCConfigurationList;
			buildConfigurations = (
				09CEFAB7273C5A22005B5AD5 /* Debug */,
				09CEFAB8273C5A22005B5AD5 /* Release */,
			);
			defaultConfigurationIsVisible = 0;
			defaultConfigurationName = Release;
		};
		09CEFAB9273C5A22005B5AD5 /* Build configuration list for PBXNativeTarget "nabelova_1PW5" */ = {
			isa = XCConfigurationList;
			buildConfigurations = (
				09CEFABA273C5A22005B5AD5 /* Debug */,
				09CEFABB273C5A22005B5AD5 /* Release */,
			);
			defaultConfigurationIsVisible = 0;
			defaultConfigurationName = Release;
		};
/* End XCConfigurationList section */
	};
	rootObject = 09CEFA9D273C5A21005B5AD5 /* Project object */;
}
